
Microsoft Visual Studio Solution File, Format Version 12.00
# Visual Studio 15
VisualStudioVersion = 15.0.27004.2002
MinimumVisualStudioVersion = 10.0.40219.1
Project("{FAE04EC0-301F-11D3-BF4B-00C04F79EFBC}") = "nissesApp", "nissesApp.csproj", "{53F3A7E1-F2D9-4F52-9EEE-B0E2724AB23D}"
EndProject
Global
	GlobalSection(SolutionConfigurationPlatforms) = preSolution
		Debug|Any CPU = Debug|Any CPU
		Release|Any CPU = Release|Any CPU
	EndGlobalSection
	GlobalSection(ProjectConfigurationPlatforms) = postSolution
		{53F3A7E1-F2D9-4F52-9EEE-B0E2724AB23D}.Debug|Any CPU.ActiveCfg = Debug|Any CPU
		{53F3A7E1-F2D9-4F52-9EEE-B0E2724AB23D}.Debug|Any CPU.Build.0 = Debug|Any CPU
		{53F3A7E1-F2D9-4F52-9EEE-B0E2724AB23D}.Release|Any CPU.ActiveCfg = Release|Any CPU
		{53F3A7E1-F2D9-4F52-9EEE-B0E2724AB23D}.Release|Any CPU.Build.0 = Release|Any CPU
	EndGlobalSection
	GlobalSection(SolutionProperties) = preSolution
		HideSolutionNode = FALSE
	EndGlobalSection
	GlobalSection(ExtensibilityGlobals) = postSolution
		SolutionGuid = {2C39D0A7-5219-4604-B6FE-1F33F73DB4B5}
	EndGlobalSection
EndGlobal
